Microsoft Visual Studio Solution File, Format Version 12.00
# Visual Studio Version 17
VisualStudioVersion = 17.5.2.0
MinimumVisualStudioVersion = 10.0.40219.1
Project("{FAE04EC0-301F-11D3-BF4B-00C04F79EFBC}") = "CutoverPlanner.Domain", "CutoverPlanner.Domain.csproj", "{9A468373-9E95-D6AB-DB47-757EB27C181F}"
EndProject
Global
	GlobalSection(SolutionConfigurationPlatforms) = preSolution
		Debug|Any CPU = Debug|Any CPU
		Release|Any CPU = Release|Any CPU
	EndGlobalSection
	GlobalSection(ProjectConfigurationPlatforms) = postSolution
		{9A468373-9E95-D6AB-DB47-757EB27C181F}.Debug|Any CPU.ActiveCfg = Debug|Any CPU
		{9A468373-9E95-D6AB-DB47-757EB27C181F}.Debug|Any CPU.Build.0 = Debug|Any CPU
		{9A468373-9E95-D6AB-DB47-757EB27C181F}.Release|Any CPU.ActiveCfg = Release|Any CPU
		{9A468373-9E95-D6AB-DB47-757EB27C181F}.Release|Any CPU.Build.0 = Release|Any CPU
	EndGlobalSection
	GlobalSection(SolutionProperties) = preSolution
		HideSolutionNode = FALSE
	EndGlobalSection
	GlobalSection(ExtensibilityGlobals) = postSolution
		SolutionGuid = {824FA9CD-95EA-4E8C-B578-A3B0AB40BAB0}
	EndGlobalSection
EndGlobal
